{
  "name": "moiravs.github.io",
  "lockfileVersion": 3,
  "requires": true,
  "packages": {
    "": {
      "dependencies": {
        "heap-js": "^2.7.1",
        "tailwindcss": "^4.1.17"
      }
    },
    "node_modules/heap-js": {
      "version": "2.7.1",
      "resolved": "https://registry.npmjs.org/heap-js/-/heap-js-2.7.1.tgz",
      "integrity": "sha512-EQfezRg0NCZGNlhlDR3Evrw1FVL2G3LhU7EgPoxufQKruNBSYA8MiRPHeWbU+36o+Fhel0wMwM+sLEiBAlNLJA==",
      "license": "BSD-3-Clause",
      "engines": {
        "node": ">=10.0.0"
      }
    },
    "node_modules/tailwindcss": {
      "version": "4.1.17",
      "resolved": "https://registry.npmjs.org/tailwindcss/-/tailwindcss-4.1.17.tgz",
      "integrity": "sha512-j9Ee2YjuQqYT9bbRTfTZht9W/ytp5H+jJpZKiYdP/bpnXARAuELt9ofP0lPnmHjbga7SNQIxdTAXCmtKVYjN+Q==",
      "license": "MIT"
    }
  }
}
